Microsoft Visual Studio Solution File, Format Version 12.00
# Visual Studio 2012
Project("{FAE04EC0-301F-11D3-BF4B-00C04F79EFBC}") = "TimerManager", "TimerManager.csproj", "{B89882B1-684D-4B6A-91CA-DB6BD0BB35EF}"
EndProject
Global
	GlobalSection(SolutionConfigurationPlatforms) = preSolution
	Debug|Any CPU = Debug|Any CPU
	ExportDebug|Any CPU = ExportDebug|Any CPU
	ExportRelease|Any CPU = ExportRelease|Any CPU
	EndGlobalSection
	GlobalSection(ProjectConfigurationPlatforms) = postSolution
		{B89882B1-684D-4B6A-91CA-DB6BD0BB35EF}.Debug|Any CPU.ActiveCfg = Debug|Any CPU
		{B89882B1-684D-4B6A-91CA-DB6BD0BB35EF}.Debug|Any CPU.Build.0 = Debug|Any CPU
		{B89882B1-684D-4B6A-91CA-DB6BD0BB35EF}.ExportDebug|Any CPU.ActiveCfg = ExportDebug|Any CPU
		{B89882B1-684D-4B6A-91CA-DB6BD0BB35EF}.ExportDebug|Any CPU.Build.0 = ExportDebug|Any CPU
		{B89882B1-684D-4B6A-91CA-DB6BD0BB35EF}.ExportRelease|Any CPU.ActiveCfg = ExportRelease|Any CPU
		{B89882B1-684D-4B6A-91CA-DB6BD0BB35EF}.ExportRelease|Any CPU.Build.0 = ExportRelease|Any CPU
	EndGlobalSection
EndGlobal
